
Microsoft Visual Studio Solution File, Format Version 12.00
# Visual Studio Version 17
VisualStudioVersion = 17.1.32328.378
MinimumVisualStudioVersion = 10.0.40219.1
Project("{9A19103F-16F7-4668-BE54-9A1E7A4F7556}") = "PresentationLayer", "SeniorProject\PresentationLayer.csproj", "{3AF02DA4-1230-4D5D-B029-D18D2BE5124A}"
EndProject
Project("{9A19103F-16F7-4668-BE54-9A1E7A4F7556}") = "DataAccessLayer", "DataAccessLayer\DataAccessLayer.csproj", "{436EFEA8-CC62-4CFD-847B-20976AF7CCF2}"
EndProject
Project("{FAE04EC0-301F-11D3-BF4B-00C04F79EFBC}") = "DataObjects", "DataObjects\DataObjects.csproj", "{B3E60BED-1AEF-49B9-A522-6D47BE848C2D}"
EndProject
Global
	GlobalSection(SolutionConfigurationPlatforms) = preSolution
		Debug|Any CPU = Debug|Any CPU
		Release|Any CPU = Release|Any CPU
	EndGlobalSection
	GlobalSection(ProjectConfigurationPlatforms) = postSolution
		{3AF02DA4-1230-4D5D-B029-D18D2BE5124A}.Debug|Any CPU.ActiveCfg = Debug|Any CPU
		{3AF02DA4-1230-4D5D-B029-D18D2BE5124A}.Debug|Any CPU.Build.0 = Debug|Any CPU
		{3AF02DA4-1230-4D5D-B029-D18D2BE5124A}.Release|Any CPU.ActiveCfg = Release|Any CPU
		{3AF02DA4-1230-4D5D-B029-D18D2BE5124A}.Release|Any CPU.Build.0 = Release|Any CPU
		{436EFEA8-CC62-4CFD-847B-20976AF7CCF2}.Debug|Any CPU.ActiveCfg = Debug|Any CPU
		{436EFEA8-CC62-4CFD-847B-20976AF7CCF2}.Debug|Any CPU.Build.0 = Debug|Any CPU
		{436EFEA8-CC62-4CFD-847B-20976AF7CCF2}.Release|Any CPU.ActiveCfg = Release|Any CPU
		{436EFEA8-CC62-4CFD-847B-20976AF7CCF2}.Release|Any CPU.Build.0 = Release|Any CPU
		{B3E60BED-1AEF-49B9-A522-6D47BE848C2D}.Debug|Any CPU.ActiveCfg = Debug|Any CPU
		{B3E60BED-1AEF-49B9-A522-6D47BE848C2D}.Debug|Any CPU.Build.0 = Debug|Any CPU
		{B3E60BED-1AEF-49B9-A522-6D47BE848C2D}.Release|Any CPU.ActiveCfg = Release|Any CPU
		{B3E60BED-1AEF-49B9-A522-6D47BE848C2D}.Release|Any CPU.Build.0 = Release|Any CPU
	EndGlobalSection
	GlobalSection(SolutionProperties) = preSolution
		HideSolutionNode = FALSE
	EndGlobalSection
	GlobalSection(ExtensibilityGlobals) = postSolution
		SolutionGuid = {B53407BB-6599-493E-8436-FC9F5DBE64C4}
	EndGlobalSection
EndGlobal
